// !$*UTF8*$!
{
	archiveVersion = 1;
	classes = {
	};
	objectVersion = 50;
	objects = {

/* Begin PBXBuildFile section */
		603AA3B823EF99800027FE4D /* OpenWeatherMapController.swift in Sources */ = {isa = PBXBuildFile; fileRef = 603AA3B723EF99800027FE4D /* OpenWeatherMapController.swift */; };
		603AA3BB23EFB2DB0027FE4D /* OpenWeatherMapData.swift in Sources */ = {isa = PBXBuildFile; fileRef = 603AA3BA23EFB2DB0027FE4D /* OpenWeatherMapData.swift */; };
		603AA3BE23EFB7530027FE4D /* WeatherViewModel.swift in Sources */ = {isa = PBXBuildFile; fileRef = 603AA3BD23EFB7530027FE4D /* WeatherViewModel.swift */; };
		60E9261F23EEE00D00D86EF9 /* AppDelegate.swift in Sources */ = {isa = PBXBuildFile; fileRef = 60E9261E23EEE00D00D86EF9 /* AppDelegate.swift */; };
		60E9262123EEE00D00D86EF9 /* SceneDelegate.swift in Sources */ = {isa = PBXBuildFile; fileRef = 60E9262023EEE00D00D86EF9 /* SceneDelegate.swift */; };
		60E9262323EEE00D00D86EF9 /* ContentView.swift in Sources */ = {isa = PBXBuildFile; fileRef = 60E9262223EEE00D00D86EF9 /* ContentView.swift */; };
		60E9262523EEE00F00D86EF9 /* Assets.xcassets in Resources */ = {isa = PBXBuildFile; fileRef = 60E9262423EEE00F00D86EF9 /* Assets.xcassets */; };
		60E9262823EEE00F00D86EF9 /* Preview Assets.xcassets in Resources */ = {isa = PBXBuildFile; fileRef = 60E9262723EEE00F00D86EF9 /* Preview Assets.xcassets */; };
		60E9262B23EEE00F00D86EF9 /* LaunchScreen.storyboard in Resources */ = {isa = PBXBuildFile; fileRef = 60E9262923EEE00F00D86EF9 /* LaunchScreen.storyboard */; };
		60E9263423EEE49700D86EF9 /* WebService Controlller.swift in Sources */ = {isa = PBXBuildFile; fileRef = 60E9263323EEE49700D86EF9 /* WebService Controlller.swift */; };
/* End PBXBuildFile section */

/* Begin PBXFileReference section */
		603AA3B723EF99800027FE4D /* OpenWeatherMapController.swift */ = {isa = PBXFileReference; lastKnownFileType = sourcecode.swift; path = OpenWeatherMapController.swift; sourceTree = "<group>"; };
		603AA3BA23EFB2DB0027FE4D /* OpenWeatherMapData.swift */ = {isa = PBXFileReference; fileEncoding = 4; lastKnownFileType = sourcecode.swift; path = OpenWeatherMapData.swift; sourceTree = "<group>"; };
		603AA3BD23EFB7530027FE4D /* WeatherViewModel.swift */ = {isa = PBXFileReference; lastKnownFileType = sourcecode.swift; path = WeatherViewModel.swift; sourceTree = "<group>"; };
		60E9261B23EEE00D00D86EF9 /* Weather.app */ = {isa = PBXFileReference; explicitFileType = wrapper.application; includeInIndex = 0; path = Weather.app; sourceTree = BUILT_PRODUCTS_DIR; };
		60E9261E23EEE00D00D86EF9 /* AppDelegate.swift */ = {isa = PBXFileReference; lastKnownFileType = sourcecode.swift; path = AppDelegate.swift; sourceTree = "<group>"; };
		60E9262023EEE00D00D86EF9 /* SceneDelegate.swift */ = {isa = PBXFileReference; lastKnownFileType = sourcecode.swift; path = SceneDelegate.swift; sourceTree = "<group>"; };
		60E9262223EEE00D00D86EF9 /* ContentView.swift */ = {isa = PBXFileReference; lastKnownFileType = sourcecode.swift; path = ContentView.swift; sourceTree = "<group>"; };
		60E9262423EEE00F00D86EF9 /* Assets.xcassets */ = {isa = PBXFileReference; lastKnownFileType = folder.assetcatalog; path = Assets.xcassets; sourceTree = "<group>"; };
		60E9262723EEE00F00D86EF9 /* Preview Assets.xcassets */ = {isa = PBXFileReference; lastKnownFileType = folder.assetcatalog; path = "Preview Assets.xcassets"; sourceTree = "<group>"; };
		60E9262A23EEE00F00D86EF9 /* Base */ = {isa = PBXFileReference; lastKnownFileType = file.storyboard; name = Base; path = Base.lproj/LaunchScreen.storyboard; sourceTree = "<group>"; };
		60E9262C23EEE00F00D86EF9 /* Info.plist */ = {isa = PBXFileReference; lastKnownFileType = text.plist.xml; path = Info.plist; sourceTree = "<group>"; };
		60E9263323EEE49700D86EF9 /* WebService Controlller.swift */ = {isa = PBXFileReference; lastKnownFileType = sourcecode.swift; path = "WebService Controlller.swift"; sourceTree = "<group>"; };
/* End PBXFileReference section */

/* Begin PBXFrameworksBuildPhase section */
		60E9261823EEE00D00D86EF9 /* Frameworks */ = {
			isa = PBXFrameworksBuildPhase;
			buildActionMask = 2147483647;
			files = (
			);
			runOnlyForDeploymentPostprocessing = 0;
		};
/* End PBXFrameworksBuildPhase section */

/* Begin PBXGroup section */
		603AA3B923EFB2DB0027FE4D /* JSONMappers */ = {
			isa = PBXGroup;
			children = (
				603AA3BA23EFB2DB0027FE4D /* OpenWeatherMapData.swift */,
			);
			name = JSONMappers;
			path = "../../../Ex_Files_Swiift_5_Protocol/Exercise Files/04_07/end/WeatherApp/Model/JSONMappers";
			sourceTree = "<group>";
		};
		603AA3BC23EFB7260027FE4D /* ViewModel */ = {
			isa = PBXGroup;
			children = (
				603AA3BD23EFB7530027FE4D /* WeatherViewModel.swift */,
			);
			path = ViewModel;
			sourceTree = "<group>";
		};
		60E9261223EEE00D00D86EF9 = {
			isa = PBXGroup;
			children = (
				60E9261D23EEE00D00D86EF9 /* Weather */,
				60E9261C23EEE00D00D86EF9 /* Products */,
			);
			sourceTree = "<group>";
		};
		60E9261C23EEE00D00D86EF9 /* Products */ = {
			isa = PBXGroup;
			children = (
				60E9261B23EEE00D00D86EF9 /* Weather.app */,
			);
			name = Products;
			sourceTree = "<group>";
		};
		60E9261D23EEE00D00D86EF9 /* Weather */ = {
			isa = PBXGroup;
			children = (
				603AA3BC23EFB7260027FE4D /* ViewModel */,
				60E9263223EEE41A00D86EF9 /* Model */,
				60E9261E23EEE00D00D86EF9 /* AppDelegate.swift */,
				60E9262023EEE00D00D86EF9 /* SceneDelegate.swift */,
				60E9262223EEE00D00D86EF9 /* ContentView.swift */,
				60E9262423EEE00F00D86EF9 /* Assets.xcassets */,
				60E9262923EEE00F00D86EF9 /* LaunchScreen.storyboard */,
				60E9262C23EEE00F00D86EF9 /* Info.plist */,
				60E9262623EEE00F00D86EF9 /* Preview Content */,
			);
			path = Weather;
			sourceTree = "<group>";
		};
		60E9262623EEE00F00D86EF9 /* Preview Content */ = {
			isa = PBXGroup;
			children = (
				60E9262723EEE00F00D86EF9 /* Preview Assets.xcassets */,
			);
			path = "Preview Content";
			sourceTree = "<group>";
		};
		60E9263223EEE41A00D86EF9 /* Model */ = {
			isa = PBXGroup;
			children = (
				603AA3B923EFB2DB0027FE4D /* JSONMappers */,
				60E9263323EEE49700D86EF9 /* WebService Controlller.swift */,
				603AA3B723EF99800027FE4D /* OpenWeatherMapController.swift */,
			);
			path = Model;
			sourceTree = "<group>";
		};
/* End PBXGroup section */

/* Begin PBXNativeTarget section */
		60E9261A23EEE00D00D86EF9 /* Weather */ = {
			isa = PBXNativeTarget;
			buildConfigurationList = 60E9262F23EEE00F00D86EF9 /* Build configuration list for PBXNativeTarget "Weather" */;
			buildPhases = (
				60E9261723EEE00D00D86EF9 /* Sources */,
				60E9261823EEE00D00D86EF9 /* Frameworks */,
				60E9261923EEE00D00D86EF9 /* Resources */,
			);
			buildRules = (
			);
			dependencies = (
			);
			name = Weather;
			productName = Weather;
			productReference = 60E9261B23EEE00D00D86EF9 /* Weather.app */;
			productType = "com.apple.product-type.application";
		};
/* End PBXNativeTarget section */

/* Begin PBXProject section */
		60E9261323EEE00D00D86EF9 /* Project object */ = {
			isa = PBXProject;
			attributes = {
				LastSwiftUpdateCheck = 1130;
				LastUpgradeCheck = 1130;
				ORGANIZATIONNAME = none;
				TargetAttributes = {
					60E9261A23EEE00D00D86EF9 = {
						CreatedOnToolsVersion = 11.3;
					};
				};
			};
			buildConfigurationList = 60E9261623EEE00D00D86EF9 /* Build configuration list for PBXProject "Weather" */;
			compatibilityVersion = "Xcode 9.3";
			developmentRegion = en;
			hasScannedForEncodings = 0;
			knownRegions = (
				en,
				Base,
			);
			mainGroup = 60E9261223EEE00D00D86EF9;
			productRefGroup = 60E9261C23EEE00D00D86EF9 /* Products */;
			projectDirPath = "";
			projectRoot = "";
			targets = (
				60E9261A23EEE00D00D86EF9 /* Weather */,
			);
		};
/* End PBXProject section */

/* Begin PBXResourcesBuildPhase section */
		60E9261923EEE00D00D86EF9 /* Resources */ = {
			isa = PBXResourcesBuildPhase;
			buildActionMask = 2147483647;
			files = (
				60E9262B23EEE00F00D86EF9 /* LaunchScreen.storyboard in Resources */,
				60E9262823EEE00F00D86EF9 /* Preview Assets.xcassets in Resources */,
				60E9262523EEE00F00D86EF9 /* Assets.xcassets in Resources */,
			);
			runOnlyForDeploymentPostprocessing = 0;
		};
/* End PBXResourcesBuildPhase section */

/* Begin PBXSourcesBuildPhase section */
		60E9261723EEE00D00D86EF9 /* Sources */ = {
			isa = PBXSourcesBuildPhase;
			buildActionMask = 2147483647;
			files = (
				603AA3B823EF99800027FE4D /* OpenWeatherMapController.swift in Sources */,
				60E9261F23EEE00D00D86EF9 /* AppDelegate.swift in Sources */,
				60E9262123EEE00D00D86EF9 /* SceneDelegate.swift in Sources */,
				603AA3BE23EFB7530027FE4D /* WeatherViewModel.swift in Sources */,
				60E9263423EEE49700D86EF9 /* WebService Controlller.swift in Sources */,
				60E9262323EEE00D00D86EF9 /* ContentView.swift in Sources */,
				603AA3BB23EFB2DB0027FE4D /* OpenWeatherMapData.swift in Sources */,
			);
			runOnlyForDeploymentPostprocessing = 0;
		};
/* End PBXSourcesBuildPhase section */

/* Begin PBXVariantGroup section */
		60E9262923EEE00F00D86EF9 /* LaunchScreen.storyboard */ = {
			isa = PBXVariantGroup;
			children = (
				60E9262A23EEE00F00D86EF9 /* Base */,
			);
			name = LaunchScreen.storyboard;
			sourceTree = "<group>";
		};
/* End PBXVariantGroup section */

/* Begin XCBuildConfiguration section */
		60E9262D23EEE00F00D86EF9 /* Debug */ = {
			isa = XCBuildConfiguration;
			buildSettings = {
				ALWAYS_SEARCH_USER_PATHS = NO;
				CLANG_ANALYZER_NONNULL = YES;
				CLANG_ANALYZER_NUMBER_OBJECT_CONVERSION = YES_AGGRESSIVE;
				CLANG_CXX_LANGUAGE_STANDARD = "gnu++14";
				CLANG_CXX_LIBRARY = "libc++";
				CLANG_ENABLE_MODULES = YES;
				CLANG_ENABLE_OBJC_ARC = YES;
				CLANG_ENABLE_OBJC_WEAK = YES;
				CLANG_WARN_BLOCK_CAPTURE_AUTORELEASING = YES;
				CLANG_WARN_BOOL_CONVERSION = YES;
				CLANG_WARN_COMMA = YES;
				CLANG_WARN_CONSTANT_CONVERSION = YES;
				CLANG_WARN_DEPRECATED_OBJC_IMPLEMENTATIONS = YES;
				CLANG_WARN_DIRECT_OBJC_ISA_USAGE = YES_ERROR;
				CLANG_WARN_DOCUMENTATION_COMMENTS = YES;
				CLANG_WARN_EMPTY_BODY = YES;
				CLANG_WARN_ENUM_CONVERSION = YES;
				CLANG_WARN_INFINITE_RECURSION = YES;
				CLANG_WARN_INT_CONVERSION = YES;
				CLANG_WARN_NON_LITERAL_NULL_CONVERSION = YES;
				CLANG_WARN_OBJC_IMPLICIT_RETAIN_SELF = YES;
				CLANG_WARN_OBJC_LITERAL_CONVERSION = YES;
				CLANG_WARN_OBJC_ROOT_CLASS = YES_ERROR;
				CLANG_WARN_RANGE_LOOP_ANALYSIS = YES;
				CLANG_WARN_STRICT_PROTOTYPES = YES;
				CLANG_WARN_SUSPICIOUS_MOVE = YES;
				CLANG_WARN_UNGUARDED_AVAILABILITY = YES_AGGRESSIVE;
				CLANG_WARN_UNREACHABLE_CODE = YES;
				CLANG_WARN__DUPLICATE_METHOD_MATCH = YES;
				COPY_PHASE_STRIP = NO;
				DEBUG_INFORMATION_FORMAT = dwarf;
				ENABLE_STRICT_OBJC_MSGSEND = YES;
				ENABLE_TESTABILITY = YES;
				GCC_C_LANGUAGE_STANDARD = gnu11;
				GCC_DYNAMIC_NO_PIC = NO;
				GCC_NO_COMMON_BLOCKS = YES;
				GCC_OPTIMIZATION_LEVEL = 0;
				GCC_PREPROCESSOR_DEFINITIONS = (
					"DEBUG=1",
					"$(inherited)",
				);
				GCC_WARN_64_TO_32_BIT_CONVERSION = YES;
				GCC_WARN_ABOUT_RETURN_TYPE = YES_ERROR;
				GCC_WARN_UNDECLARED_SELECTOR = YES;
				GCC_WARN_UNINITIALIZED_AUTOS = YES_AGGRESSIVE;
				GCC_WARN_UNUSED_FUNCTION = YES;
				GCC_WARN_UNUSED_VARIABLE = YES;
				IPHONEOS_DEPLOYMENT_TARGET = 13.2;
				MTL_ENABLE_DEBUG_INFO = INCLUDE_SOURCE;
				MTL_FAST_MATH = YES;
				ONLY_ACTIVE_ARCH = YES;
				SDKROOT = iphoneos;
				SWIFT_ACTIVE_COMPILATION_CONDITIONS = DEBUG;
				SWIFT_OPTIMIZATION_LEVEL = "-Onone";
			};
			name = Debug;
		};
		60E9262E23EEE00F00D86EF9 /* Release */ = {
			isa = XCBuildConfiguration;
			buildSettings = {
				ALWAYS_SEARCH_USER_PATHS = NO;
				CLANG_ANALYZER_NONNULL = YES;
				CLANG_ANALYZER_NUMBER_OBJECT_CONVERSION = YES_AGGRESSIVE;
				CLANG_CXX_LANGUAGE_STANDARD = "gnu++14";
				CLANG_CXX_LIBRARY = "libc++";
				CLANG_ENABLE_MODULES = YES;
				CLANG_ENABLE_OBJC_ARC = YES;
				CLANG_ENABLE_OBJC_WEAK = YES;
				CLANG_WARN_BLOCK_CAPTURE_AUTORELEASING = YES;
				CLANG_WARN_BOOL_CONVERSION = YES;
				CLANG_WARN_COMMA = YES;
				CLANG_WARN_CONSTANT_CONVERSION = YES;
				CLANG_WARN_DEPRECATED_OBJC_IMPLEMENTATIONS = YES;
				CLANG_WARN_DIRECT_OBJC_ISA_USAGE = YES_ERROR;
				CLANG_WARN_DOCUMENTATION_COMMENTS = YES;
				CLANG_WARN_EMPTY_BODY = YES;
				CLANG_WARN_ENUM_CONVERSION = YES;
				CLANG_WARN_INFINITE_RECURSION = YES;
				CLANG_WARN_INT_CONVERSION = YES;
				CLANG_WARN_NON_LITERAL_NULL_CONVERSION = YES;
				CLANG_WARN_OBJC_IMPLICIT_RETAIN_SELF = YES;
				CLANG_WARN_OBJC_LITERAL_CONVERSION = YES;
				CLANG_WARN_OBJC_ROOT_CLASS = YES_ERROR;
				CLANG_WARN_RANGE_LOOP_ANALYSIS = YES;
				CLANG_WARN_STRICT_PROTOTYPES = YES;
				CLANG_WARN_SUSPICIOUS_MOVE = YES;
				CLANG_WARN_UNGUARDED_AVAILABILITY = YES_AGGRESSIVE;
				CLANG_WARN_UNREACHABLE_CODE = YES;
				CLANG_WARN__DUPLICATE_METHOD_MATCH = YES;
				COPY_PHASE_STRIP = NO;
				DEBUG_INFORMATION_FORMAT = "dwarf-with-dsym";
				ENABLE_NS_ASSERTIONS = NO;
				ENABLE_STRICT_OBJC_MSGSEND = YES;
				GCC_C_LANGUAGE_STANDARD = gnu11;
				GCC_NO_COMMON_BLOCKS = YES;
				GCC_WARN_64_TO_32_BIT_CONVERSION = YES;
				GCC_WARN_ABOUT_RETURN_TYPE = YES_ERROR;
				GCC_WARN_UNDECLARED_SELECTOR = YES;
				GCC_WARN_UNINITIALIZED_AUTOS = YES_AGGRESSIVE;
				GCC_WARN_UNUSED_FUNCTION = YES;
				GCC_WARN_UNUSED_VARIABLE = YES;
				IPHONEOS_DEPLOYMENT_TARGET = 13.2;
				MTL_ENABLE_DEBUG_INFO = NO;
				MTL_FAST_MATH = YES;
				SDKROOT = iphoneos;
				SWIFT_COMPILATION_MODE = wholemodule;
				SWIFT_OPTIMIZATION_LEVEL = "-O";
				VALIDATE_PRODUCT = YES;
			};
			name = Release;
		};
		60E9263023EEE00F00D86EF9 /* Debug */ = {
			isa = XCBuildConfiguration;
			buildSettings = {
				ASSETCATALOG_COMPILER_APPICON_NAME = AppIcon;
				CODE_SIGN_STYLE = Automatic;
				DEVELOPMENT_ASSET_PATHS = "\"Weather/Preview Content\"";
				ENABLE_PREVIEWS = YES;
				INFOPLIST_FILE = Weather/Info.plist;
				LD_RUNPATH_SEARCH_PATHS = (
					"$(inherited)",
					"@executable_path/Frameworks",
				);
				PRODUCT_BUNDLE_IDENTIFIER = com.power186.Weather;
				PRODUCT_NAME = "$(TARGET_NAME)";
				SWIFT_VERSION = 5.0;
				TARGETED_DEVICE_FAMILY = "1,2";
			};
			name = Debug;
		};
		60E9263123EEE00F00D86EF9 /* Release */ = {
			isa = XCBuildConfiguration;
			buildSettings = {
				ASSETCATALOG_COMPILER_APPICON_NAME = AppIcon;
				CODE_SIGN_STYLE = Automatic;
				DEVELOPMENT_ASSET_PATHS = "\"Weather/Preview Content\"";
				ENABLE_PREVIEWS = YES;
				INFOPLIST_FILE = Weather/Info.plist;
				LD_RUNPATH_SEARCH_PATHS = (
					"$(inherited)",
					"@executable_path/Frameworks",
				);
				PRODUCT_BUNDLE_IDENTIFIER = com.power186.Weather;
				PRODUCT_NAME = "$(TARGET_NAME)";
				SWIFT_VERSION = 5.0;
				TARGETED_DEVICE_FAMILY = "1,2";
			};
			name = Release;
		};
/* End XCBuildConfiguration section */

/* Begin XCConfigurationList section */
		60E9261623EEE00D00D86EF9 /* Build configuration list for PBXProject "Weather" */ = {
			isa = XCConfigurationList;
			buildConfigurations = (
				60E9262D23EEE00F00D86EF9 /* Debug */,
				60E9262E23EEE00F00D86EF9 /* Release */,
			);
			defaultConfigurationIsVisible = 0;
			defaultConfigurationName = Release;
		};
		60E9262F23EEE00F00D86EF9 /* Build configuration list for PBXNativeTarget "Weather" */ = {
			isa = XCConfigurationList;
			buildConfigurations = (
				60E9263023EEE00F00D86EF9 /* Debug */,
				60E9263123EEE00F00D86EF9 /* Release */,
			);
			defaultConfigurationIsVisible = 0;
			defaultConfigurationName = Release;
		};
/* End XCConfigurationList section */
	};
	rootObject = 60E9261323EEE00D00D86EF9 /* Project object */;
}
